{
  "object": {
    "pins": [
      {
        "package": "SwiftyGPIO",
        "repositoryURL": "https://github.com/uraimo/SwiftyGPIO.git",
        "state": {
          "branch": null,
          "revision": "81ce90b65371e50c76b1d82f8da0182338665314",
          "version": "1.1.5"
        }
      }
    ]
  },
  "version": 1
}
